
Microsoft Visual Studio Solution File, Format Version 12.00
# Visual Studio Version 17
VisualStudioVersion = 17.1.32210.238
MinimumVisualStudioVersion = 10.0.40219.1
Project("{2150E333-8FDC-42A3-9474-1A3956D46DE8}") = "Mota", "Mota", "{58928A27-57E4-4212-B383-AEA8BC8E56E3}"
EndProject
Project("{8BC9CEB8-8B4A-11D0-8D11-00A0C91BC942}") = "Mota", "Mota\Mota.vcxproj", "{0BE957C1-9C66-43D6-A4D2-655F41ED176A}"
	ProjectSection(ProjectDependencies) = postProject
		{19C2943C-76BF-429C-BF65-0F5A996E422D} = {19C2943C-76BF-429C-BF65-0F5A996E422D}
		{FEFBCD79-23C4-48CB-8A24-121C83E114F6} = {FEFBCD79-23C4-48CB-8A24-121C83E114F6}
		{1C0A9A99-534C-4394-A7F1-64E54F66E0F1} = {1C0A9A99-534C-4394-A7F1-64E54F66E0F1}
		{BE7322AA-7EBB-4D4F-9F6A-B59177380626} = {BE7322AA-7EBB-4D4F-9F6A-B59177380626}
		{1612A4E3-FCC3-45F0-8731-E8B803B4B9FE} = {1612A4E3-FCC3-45F0-8731-E8B803B4B9FE}
	EndProjectSection
EndProject
Project("{8BC9CEB8-8B4A-11D0-8D11-00A0C91BC942}") = "Door", "Mota\Door\Door.vcxproj", "{1C0A9A99-534C-4394-A7F1-64E54F66E0F1}"
EndProject
Project("{8BC9CEB8-8B4A-11D0-8D11-00A0C91BC942}") = "Enemy", "Mota\Enemy\C.vcxproj", "{FEFBCD79-23C4-48CB-8A24-121C83E114F6}"
EndProject
Project("{8BC9CEB8-8B4A-11D0-8D11-00A0C91BC942}") = "NPC", "Mota\NPC\NPC.vcxproj", "{1612A4E3-FCC3-45F0-8731-E8B803B4B9FE}"
EndProject
Project("{8BC9CEB8-8B4A-11D0-8D11-00A0C91BC942}") = "Props", "Mota\Props\Props.vcxproj", "{BE7322AA-7EBB-4D4F-9F6A-B59177380626}"
EndProject
Project("{8BC9CEB8-8B4A-11D0-8D11-00A0C91BC942}") = "Wall", "Mota\Wall\Wall.vcxproj", "{19C2943C-76BF-429C-BF65-0F5A996E422D}"
EndProject
Global
	GlobalSection(SolutionConfigurationPlatforms) = preSolution
		Debug|x64 = Debug|x64
		Debug|x86 = Debug|x86
		Release|x64 = Release|x64
		Release|x86 = Release|x86
	EndGlobalSection
	GlobalSection(ProjectConfigurationPlatforms) = postSolution
		{0BE957C1-9C66-43D6-A4D2-655F41ED176A}.Debug|x64.ActiveCfg = Debug|x64
		{0BE957C1-9C66-43D6-A4D2-655F41ED176A}.Debug|x64.Build.0 = Debug|x64
		{0BE957C1-9C66-43D6-A4D2-655F41ED176A}.Debug|x86.ActiveCfg = Debug|Win32
		{0BE957C1-9C66-43D6-A4D2-655F41ED176A}.Debug|x86.Build.0 = Debug|Win32
		{0BE957C1-9C66-43D6-A4D2-655F41ED176A}.Release|x64.ActiveCfg = Release|x64
		{0BE957C1-9C66-43D6-A4D2-655F41ED176A}.Release|x64.Build.0 = Release|x64
		{0BE957C1-9C66-43D6-A4D2-655F41ED176A}.Release|x86.ActiveCfg = Release|Win32
		{0BE957C1-9C66-43D6-A4D2-655F41ED176A}.Release|x86.Build.0 = Release|Win32
		{1C0A9A99-534C-4394-A7F1-64E54F66E0F1}.Debug|x64.ActiveCfg = Debug|x64
		{1C0A9A99-534C-4394-A7F1-64E54F66E0F1}.Debug|x64.Build.0 = Debug|x64
		{1C0A9A99-534C-4394-A7F1-64E54F66E0F1}.Debug|x86.ActiveCfg = Debug|Win32
		{1C0A9A99-534C-4394-A7F1-64E54F66E0F1}.Debug|x86.Build.0 = Debug|Win32
		{1C0A9A99-534C-4394-A7F1-64E54F66E0F1}.Release|x64.ActiveCfg = Release|x64
		{1C0A9A99-534C-4394-A7F1-64E54F66E0F1}.Release|x64.Build.0 = Release|x64
		{1C0A9A99-534C-4394-A7F1-64E54F66E0F1}.Release|x86.ActiveCfg = Release|Win32
		{1C0A9A99-534C-4394-A7F1-64E54F66E0F1}.Release|x86.Build.0 = Release|Win32
		{FEFBCD79-23C4-48CB-8A24-121C83E114F6}.Debug|x64.ActiveCfg = Debug|x64
		{FEFBCD79-23C4-48CB-8A24-121C83E114F6}.Debug|x64.Build.0 = Debug|x64
		{FEFBCD79-23C4-48CB-8A24-121C83E114F6}.Debug|x86.ActiveCfg = Debug|Win32
		{FEFBCD79-23C4-48CB-8A24-121C83E114F6}.Debug|x86.Build.0 = Debug|Win32
		{FEFBCD79-23C4-48CB-8A24-121C83E114F6}.Release|x64.ActiveCfg = Release|x64
		{FEFBCD79-23C4-48CB-8A24-121C83E114F6}.Release|x64.Build.0 = Release|x64
		{FEFBCD79-23C4-48CB-8A24-121C83E114F6}.Release|x86.ActiveCfg = Release|Win32
		{FEFBCD79-23C4-48CB-8A24-121C83E114F6}.Release|x86.Build.0 = Release|Win32
		{1612A4E3-FCC3-45F0-8731-E8B803B4B9FE}.Debug|x64.ActiveCfg = Debug|x64
		{1612A4E3-FCC3-45F0-8731-E8B803B4B9FE}.Debug|x64.Build.0 = Debug|x64
		{1612A4E3-FCC3-45F0-8731-E8B803B4B9FE}.Debug|x86.ActiveCfg = Debug|Win32
		{1612A4E3-FCC3-45F0-8731-E8B803B4B9FE}.Debug|x86.Build.0 = Debug|Win32
		{1612A4E3-FCC3-45F0-8731-E8B803B4B9FE}.Release|x64.ActiveCfg = Release|x64
		{1612A4E3-FCC3-45F0-8731-E8B803B4B9FE}.Release|x64.Build.0 = Release|x64
		{1612A4E3-FCC3-45F0-8731-E8B803B4B9FE}.Release|x86.ActiveCfg = Release|Win32
		{1612A4E3-FCC3-45F0-8731-E8B803B4B9FE}.Release|x86.Build.0 = Release|Win32
		{BE7322AA-7EBB-4D4F-9F6A-B59177380626}.Debug|x64.ActiveCfg = Debug|x64
		{BE7322AA-7EBB-4D4F-9F6A-B59177380626}.Debug|x64.Build.0 = Debug|x64
		{BE7322AA-7EBB-4D4F-9F6A-B59177380626}.Debug|x86.ActiveCfg = Debug|Win32
		{BE7322AA-7EBB-4D4F-9F6A-B59177380626}.Debug|x86.Build.0 = Debug|Win32
		{BE7322AA-7EBB-4D4F-9F6A-B59177380626}.Release|x64.ActiveCfg = Release|x64
		{BE7322AA-7EBB-4D4F-9F6A-B59177380626}.Release|x64.Build.0 = Release|x64
		{BE7322AA-7EBB-4D4F-9F6A-B59177380626}.Release|x86.ActiveCfg = Release|Win32
		{BE7322AA-7EBB-4D4F-9F6A-B59177380626}.Release|x86.Build.0 = Release|Win32
		{19C2943C-76BF-429C-BF65-0F5A996E422D}.Debug|x64.ActiveCfg = Debug|x64
		{19C2943C-76BF-429C-BF65-0F5A996E422D}.Debug|x64.Build.0 = Debug|x64
		{19C2943C-76BF-429C-BF65-0F5A996E422D}.Debug|x86.ActiveCfg = Debug|Win32
		{19C2943C-76BF-429C-BF65-0F5A996E422D}.Debug|x86.Build.0 = Debug|Win32
		{19C2943C-76BF-429C-BF65-0F5A996E422D}.Release|x64.ActiveCfg = Release|x64
		{19C2943C-76BF-429C-BF65-0F5A996E422D}.Release|x64.Build.0 = Release|x64
		{19C2943C-76BF-429C-BF65-0F5A996E422D}.Release|x86.ActiveCfg = Release|Win32
		{19C2943C-76BF-429C-BF65-0F5A996E422D}.Release|x86.Build.0 = Release|Win32
	EndGlobalSection
	GlobalSection(SolutionProperties) = preSolution
		HideSolutionNode = FALSE
	EndGlobalSection
	GlobalSection(NestedProjects) = preSolution
		{0BE957C1-9C66-43D6-A4D2-655F41ED176A} = {58928A27-57E4-4212-B383-AEA8BC8E56E3}
		{1C0A9A99-534C-4394-A7F1-64E54F66E0F1} = {58928A27-57E4-4212-B383-AEA8BC8E56E3}
		{FEFBCD79-23C4-48CB-8A24-121C83E114F6} = {58928A27-57E4-4212-B383-AEA8BC8E56E3}
		{1612A4E3-FCC3-45F0-8731-E8B803B4B9FE} = {58928A27-57E4-4212-B383-AEA8BC8E56E3}
		{BE7322AA-7EBB-4D4F-9F6A-B59177380626} = {58928A27-57E4-4212-B383-AEA8BC8E56E3}
		{19C2943C-76BF-429C-BF65-0F5A996E422D} = {58928A27-57E4-4212-B383-AEA8BC8E56E3}
	EndGlobalSection
	GlobalSection(ExtensibilityGlobals) = postSolution
		SolutionGuid = {AE832B12-AE13-43A5-B9D3-A69DDE34AA6E}
	EndGlobalSection
EndGlobal
